
Microsoft Visual Studio Solution File, Format Version 12.00
# Visual Studio Version 17
VisualStudioVersion = 17.0.31903.59
MinimumVisualStudioVersion = 10.0.40219.1
Project("{2150E333-8FDC-42A3-9474-1A3956D46DE8}") = "src", "src", "{827E0CD3-B72D-47B6-A68D-7590B98EB39B}"
EndProject
Project("{FAE04EC0-301F-11D3-BF4B-00C04F79EFBC}") = "Faith.UI.Service", "src\Faith.UI.Service\Faith.UI.Service.csproj", "{75C77223-B845-4806-AED3-3B8B084FB36D}"
EndProject
Project("{FAE04EC0-301F-11D3-BF4B-00C04F79EFBC}") = "Faith.UI.Logic", "src\Faith.UI.Logic\Faith.UI.Logic.csproj", "{5B71C8D6-4F89-4644-958E-2988DD10ED50}"
EndProject
Project("{FAE04EC0-301F-11D3-BF4B-00C04F79EFBC}") = "Faith.UI", "src\Faith.UI\Faith.UI.csproj", "{F9B42D23-4B74-4048-AA97-9D5A8A2731FF}"
EndProject
Project("{FAE04EC0-301F-11D3-BF4B-00C04F79EFBC}") = "Faith.UI.TestSite", "src\Faith.UI.TestSite\Faith.UI.TestSite.csproj", "{C3C3B305-3CC9-4AC2-BA01-3B6F21B27041}"
EndProject
Project("{2150E333-8FDC-42A3-9474-1A3956D46DE8}") = "tests", "tests", "{0AB3BF05-4346-4AA6-1389-037BE0695223}"
EndProject
Project("{FAE04EC0-301F-11D3-BF4B-00C04F79EFBC}") = "Faith.UI.Tests", "tests\Faith.UI.Tests\Faith.UI.Tests.csproj", "{A4BA4373-56C0-479D-836A-781E62D7348C}"
EndProject
Global
	GlobalSection(SolutionConfigurationPlatforms) = preSolution
		Debug|Any CPU = Debug|Any CPU
		Debug|x64 = Debug|x64
		Debug|x86 = Debug|x86
		Release|Any CPU = Release|Any CPU
		Release|x64 = Release|x64
		Release|x86 = Release|x86
	EndGlobalSection
	GlobalSection(ProjectConfigurationPlatforms) = postSolution
		{75C77223-B845-4806-AED3-3B8B084FB36D}.Debug|Any CPU.ActiveCfg = Debug|Any CPU
		{75C77223-B845-4806-AED3-3B8B084FB36D}.Debug|Any CPU.Build.0 = Debug|Any CPU
		{75C77223-B845-4806-AED3-3B8B084FB36D}.Debug|x64.ActiveCfg = Debug|Any CPU
		{75C77223-B845-4806-AED3-3B8B084FB36D}.Debug|x64.Build.0 = Debug|Any CPU
		{75C77223-B845-4806-AED3-3B8B084FB36D}.Debug|x86.ActiveCfg = Debug|Any CPU
		{75C77223-B845-4806-AED3-3B8B084FB36D}.Debug|x86.Build.0 = Debug|Any CPU
		{75C77223-B845-4806-AED3-3B8B084FB36D}.Release|Any CPU.ActiveCfg = Release|Any CPU
		{75C77223-B845-4806-AED3-3B8B084FB36D}.Release|Any CPU.Build.0 = Release|Any CPU
		{75C77223-B845-4806-AED3-3B8B084FB36D}.Release|x64.ActiveCfg = Release|Any CPU
		{75C77223-B845-4806-AED3-3B8B084FB36D}.Release|x64.Build.0 = Release|Any CPU
		{75C77223-B845-4806-AED3-3B8B084FB36D}.Release|x86.ActiveCfg = Release|Any CPU
		{75C77223-B845-4806-AED3-3B8B084FB36D}.Release|x86.Build.0 = Release|Any CPU
		{5B71C8D6-4F89-4644-958E-2988DD10ED50}.Debug|Any CPU.ActiveCfg = Debug|Any CPU
		{5B71C8D6-4F89-4644-958E-2988DD10ED50}.Debug|Any CPU.Build.0 = Debug|Any CPU
		{5B71C8D6-4F89-4644-958E-2988DD10ED50}.Debug|x64.ActiveCfg = Debug|Any CPU
		{5B71C8D6-4F89-4644-958E-2988DD10ED50}.Debug|x64.Build.0 = Debug|Any CPU
		{5B71C8D6-4F89-4644-958E-2988DD10ED50}.Debug|x86.ActiveCfg = Debug|Any CPU
		{5B71C8D6-4F89-4644-958E-2988DD10ED50}.Debug|x86.Build.0 = Debug|Any CPU
		{5B71C8D6-4F89-4644-958E-2988DD10ED50}.Release|Any CPU.ActiveCfg = Release|Any CPU
		{5B71C8D6-4F89-4644-958E-2988DD10ED50}.Release|Any CPU.Build.0 = Release|Any CPU
		{5B71C8D6-4F89-4644-958E-2988DD10ED50}.Release|x64.ActiveCfg = Release|Any CPU
		{5B71C8D6-4F89-4644-958E-2988DD10ED50}.Release|x64.Build.0 = Release|Any CPU
		{5B71C8D6-4F89-4644-958E-2988DD10ED50}.Release|x86.ActiveCfg = Release|Any CPU
		{5B71C8D6-4F89-4644-958E-2988DD10ED50}.Release|x86.Build.0 = Release|Any CPU
		{F9B42D23-4B74-4048-AA97-9D5A8A2731FF}.Debug|Any CPU.ActiveCfg = Debug|Any CPU
		{F9B42D23-4B74-4048-AA97-9D5A8A2731FF}.Debug|Any CPU.Build.0 = Debug|Any CPU
		{F9B42D23-4B74-4048-AA97-9D5A8A2731FF}.Debug|x64.ActiveCfg = Debug|Any CPU
		{F9B42D23-4B74-4048-AA97-9D5A8A2731FF}.Debug|x64.Build.0 = Debug|Any CPU
		{F9B42D23-4B74-4048-AA97-9D5A8A2731FF}.Debug|x86.ActiveCfg = Debug|Any CPU
		{F9B42D23-4B74-4048-AA97-9D5A8A2731FF}.Debug|x86.Build.0 = Debug|Any CPU
		{F9B42D23-4B74-4048-AA97-9D5A8A2731FF}.Release|Any CPU.ActiveCfg = Release|Any CPU
		{F9B42D23-4B74-4048-AA97-9D5A8A2731FF}.Release|Any CPU.Build.0 = Release|Any CPU
		{F9B42D23-4B74-4048-AA97-9D5A8A2731FF}.Release|x64.ActiveCfg = Release|Any CPU
		{F9B42D23-4B74-4048-AA97-9D5A8A2731FF}.Release|x64.Build.0 = Release|Any CPU
		{F9B42D23-4B74-4048-AA97-9D5A8A2731FF}.Release|x86.ActiveCfg = Release|Any CPU
		{F9B42D23-4B74-4048-AA97-9D5A8A2731FF}.Release|x86.Build.0 = Release|Any CPU
		{C3C3B305-3CC9-4AC2-BA01-3B6F21B27041}.Debug|Any CPU.ActiveCfg = Debug|Any CPU
		{C3C3B305-3CC9-4AC2-BA01-3B6F21B27041}.Debug|Any CPU.Build.0 = Debug|Any CPU
		{C3C3B305-3CC9-4AC2-BA01-3B6F21B27041}.Debug|x64.ActiveCfg = Debug|Any CPU
		{C3C3B305-3CC9-4AC2-BA01-3B6F21B27041}.Debug|x64.Build.0 = Debug|Any CPU
		{C3C3B305-3CC9-4AC2-BA01-3B6F21B27041}.Debug|x86.ActiveCfg = Debug|Any CPU
		{C3C3B305-3CC9-4AC2-BA01-3B6F21B27041}.Debug|x86.Build.0 = Debug|Any CPU
		{C3C3B305-3CC9-4AC2-BA01-3B6F21B27041}.Release|Any CPU.ActiveCfg = Release|Any CPU
		{C3C3B305-3CC9-4AC2-BA01-3B6F21B27041}.Release|Any CPU.Build.0 = Release|Any CPU
		{C3C3B305-3CC9-4AC2-BA01-3B6F21B27041}.Release|x64.ActiveCfg = Release|Any CPU
		{C3C3B305-3CC9-4AC2-BA01-3B6F21B27041}.Release|x64.Build.0 = Release|Any CPU
		{C3C3B305-3CC9-4AC2-BA01-3B6F21B27041}.Release|x86.ActiveCfg = Release|Any CPU
		{C3C3B305-3CC9-4AC2-BA01-3B6F21B27041}.Release|x86.Build.0 = Release|Any CPU
		{A4BA4373-56C0-479D-836A-781E62D7348C}.Debug|Any CPU.ActiveCfg = Debug|Any CPU
		{A4BA4373-56C0-479D-836A-781E62D7348C}.Debug|Any CPU.Build.0 = Debug|Any CPU
		{A4BA4373-56C0-479D-836A-781E62D7348C}.Debug|x64.ActiveCfg = Debug|Any CPU
		{A4BA4373-56C0-479D-836A-781E62D7348C}.Debug|x64.Build.0 = Debug|Any CPU
		{A4BA4373-56C0-479D-836A-781E62D7348C}.Debug|x86.ActiveCfg = Debug|Any CPU
		{A4BA4373-56C0-479D-836A-781E62D7348C}.Debug|x86.Build.0 = Debug|Any CPU
		{A4BA4373-56C0-479D-836A-781E62D7348C}.Release|Any CPU.ActiveCfg = Release|Any CPU
		{A4BA4373-56C0-479D-836A-781E62D7348C}.Release|Any CPU.Build.0 = Release|Any CPU
		{A4BA4373-56C0-479D-836A-781E62D7348C}.Release|x64.ActiveCfg = Release|Any CPU
		{A4BA4373-56C0-479D-836A-781E62D7348C}.Release|x64.Build.0 = Release|Any CPU
		{A4BA4373-56C0-479D-836A-781E62D7348C}.Release|x86.ActiveCfg = Release|Any CPU
		{A4BA4373-56C0-479D-836A-781E62D7348C}.Release|x86.Build.0 = Release|Any CPU
	EndGlobalSection
	GlobalSection(SolutionProperties) = preSolution
		HideSolutionNode = FALSE
	EndGlobalSection
	GlobalSection(NestedProjects) = preSolution
		{75C77223-B845-4806-AED3-3B8B084FB36D} = {827E0CD3-B72D-47B6-A68D-7590B98EB39B}
		{5B71C8D6-4F89-4644-958E-2988DD10ED50} = {827E0CD3-B72D-47B6-A68D-7590B98EB39B}
		{F9B42D23-4B74-4048-AA97-9D5A8A2731FF} = {827E0CD3-B72D-47B6-A68D-7590B98EB39B}
		{C3C3B305-3CC9-4AC2-BA01-3B6F21B27041} = {827E0CD3-B72D-47B6-A68D-7590B98EB39B}
		{A4BA4373-56C0-479D-836A-781E62D7348C} = {0AB3BF05-4346-4AA6-1389-037BE0695223}
	EndGlobalSection
EndGlobal
